
Microsoft Visual Studio Solution File, Format Version 12.00
# Visual Studio 15
VisualStudioVersion = 15.0.26124.0
MinimumVisualStudioVersion = 15.0.26124.0
Project("{FAE04EC0-301F-11D3-BF4B-00C04F79EFBC}") = "Day1", "Day1\Day1.csproj", "{4EB88C2D-5493-43B5-9D02-EBD634E27D0D}"
EndProject
Project("{FAE04EC0-301F-11D3-BF4B-00C04F79EFBC}") = "Day2", "Day2\Day2.csproj", "{C582E0F4-5BB0-4D3E-B0DA-0337B78FD14B}"
EndProject
Project("{FAE04EC0-301F-11D3-BF4B-00C04F79EFBC}") = "Day3", "Day3\Day3.csproj", "{04E50D23-DF26-4EE8-BD51-53DFAEF43D9D}"
EndProject
Project("{FAE04EC0-301F-11D3-BF4B-00C04F79EFBC}") = "Day4", "Day4\Day4.csproj", "{D6FAA67E-AE59-442D-AAE1-51EDA367D4CF}"
EndProject
Global
	GlobalSection(SolutionConfigurationPlatforms) = preSolution
		Debug|Any CPU = Debug|Any CPU
		Debug|x64 = Debug|x64
		Debug|x86 = Debug|x86
		Release|Any CPU = Release|Any CPU
		Release|x64 = Release|x64
		Release|x86 = Release|x86
	EndGlobalSection
	GlobalSection(SolutionProperties) = preSolution
		HideSolutionNode = FALSE
	EndGlobalSection
	GlobalSection(ProjectConfigurationPlatforms) = postSolution
		{4EB88C2D-5493-43B5-9D02-EBD634E27D0D}.Debug|Any CPU.ActiveCfg = Debug|Any CPU
		{4EB88C2D-5493-43B5-9D02-EBD634E27D0D}.Debug|Any CPU.Build.0 = Debug|Any CPU
		{4EB88C2D-5493-43B5-9D02-EBD634E27D0D}.Debug|x64.ActiveCfg = Debug|Any CPU
		{4EB88C2D-5493-43B5-9D02-EBD634E27D0D}.Debug|x64.Build.0 = Debug|Any CPU
		{4EB88C2D-5493-43B5-9D02-EBD634E27D0D}.Debug|x86.ActiveCfg = Debug|Any CPU
		{4EB88C2D-5493-43B5-9D02-EBD634E27D0D}.Debug|x86.Build.0 = Debug|Any CPU
		{4EB88C2D-5493-43B5-9D02-EBD634E27D0D}.Release|Any CPU.ActiveCfg = Release|Any CPU
		{4EB88C2D-5493-43B5-9D02-EBD634E27D0D}.Release|Any CPU.Build.0 = Release|Any CPU
		{4EB88C2D-5493-43B5-9D02-EBD634E27D0D}.Release|x64.ActiveCfg = Release|Any CPU
		{4EB88C2D-5493-43B5-9D02-EBD634E27D0D}.Release|x64.Build.0 = Release|Any CPU
		{4EB88C2D-5493-43B5-9D02-EBD634E27D0D}.Release|x86.ActiveCfg = Release|Any CPU
		{4EB88C2D-5493-43B5-9D02-EBD634E27D0D}.Release|x86.Build.0 = Release|Any CPU
		{C582E0F4-5BB0-4D3E-B0DA-0337B78FD14B}.Debug|Any CPU.ActiveCfg = Debug|Any CPU
		{C582E0F4-5BB0-4D3E-B0DA-0337B78FD14B}.Debug|Any CPU.Build.0 = Debug|Any CPU
		{C582E0F4-5BB0-4D3E-B0DA-0337B78FD14B}.Debug|x64.ActiveCfg = Debug|Any CPU
		{C582E0F4-5BB0-4D3E-B0DA-0337B78FD14B}.Debug|x64.Build.0 = Debug|Any CPU
		{C582E0F4-5BB0-4D3E-B0DA-0337B78FD14B}.Debug|x86.ActiveCfg = Debug|Any CPU
		{C582E0F4-5BB0-4D3E-B0DA-0337B78FD14B}.Debug|x86.Build.0 = Debug|Any CPU
		{C582E0F4-5BB0-4D3E-B0DA-0337B78FD14B}.Release|Any CPU.ActiveCfg = Release|Any CPU
		{C582E0F4-5BB0-4D3E-B0DA-0337B78FD14B}.Release|Any CPU.Build.0 = Release|Any CPU
		{C582E0F4-5BB0-4D3E-B0DA-0337B78FD14B}.Release|x64.ActiveCfg = Release|Any CPU
		{C582E0F4-5BB0-4D3E-B0DA-0337B78FD14B}.Release|x64.Build.0 = Release|Any CPU
		{C582E0F4-5BB0-4D3E-B0DA-0337B78FD14B}.Release|x86.ActiveCfg = Release|Any CPU
		{C582E0F4-5BB0-4D3E-B0DA-0337B78FD14B}.Release|x86.Build.0 = Release|Any CPU
		{04E50D23-DF26-4EE8-BD51-53DFAEF43D9D}.Debug|Any CPU.ActiveCfg = Debug|Any CPU
		{04E50D23-DF26-4EE8-BD51-53DFAEF43D9D}.Debug|Any CPU.Build.0 = Debug|Any CPU
		{04E50D23-DF26-4EE8-BD51-53DFAEF43D9D}.Debug|x64.ActiveCfg = Debug|Any CPU
		{04E50D23-DF26-4EE8-BD51-53DFAEF43D9D}.Debug|x64.Build.0 = Debug|Any CPU
		{04E50D23-DF26-4EE8-BD51-53DFAEF43D9D}.Debug|x86.ActiveCfg = Debug|Any CPU
		{04E50D23-DF26-4EE8-BD51-53DFAEF43D9D}.Debug|x86.Build.0 = Debug|Any CPU
		{04E50D23-DF26-4EE8-BD51-53DFAEF43D9D}.Release|Any CPU.ActiveCfg = Release|Any CPU
		{04E50D23-DF26-4EE8-BD51-53DFAEF43D9D}.Release|Any CPU.Build.0 = Release|Any CPU
		{04E50D23-DF26-4EE8-BD51-53DFAEF43D9D}.Release|x64.ActiveCfg = Release|Any CPU
		{04E50D23-DF26-4EE8-BD51-53DFAEF43D9D}.Release|x64.Build.0 = Release|Any CPU
		{04E50D23-DF26-4EE8-BD51-53DFAEF43D9D}.Release|x86.ActiveCfg = Release|Any CPU
		{04E50D23-DF26-4EE8-BD51-53DFAEF43D9D}.Release|x86.Build.0 = Release|Any CPU
		{D6FAA67E-AE59-442D-AAE1-51EDA367D4CF}.Debug|Any CPU.ActiveCfg = Debug|Any CPU
		{D6FAA67E-AE59-442D-AAE1-51EDA367D4CF}.Debug|Any CPU.Build.0 = Debug|Any CPU
		{D6FAA67E-AE59-442D-AAE1-51EDA367D4CF}.Debug|x64.ActiveCfg = Debug|Any CPU
		{D6FAA67E-AE59-442D-AAE1-51EDA367D4CF}.Debug|x64.Build.0 = Debug|Any CPU
		{D6FAA67E-AE59-442D-AAE1-51EDA367D4CF}.Debug|x86.ActiveCfg = Debug|Any CPU
		{D6FAA67E-AE59-442D-AAE1-51EDA367D4CF}.Debug|x86.Build.0 = Debug|Any CPU
		{D6FAA67E-AE59-442D-AAE1-51EDA367D4CF}.Release|Any CPU.ActiveCfg = Release|Any CPU
		{D6FAA67E-AE59-442D-AAE1-51EDA367D4CF}.Release|Any CPU.Build.0 = Release|Any CPU
		{D6FAA67E-AE59-442D-AAE1-51EDA367D4CF}.Release|x64.ActiveCfg = Release|Any CPU
		{D6FAA67E-AE59-442D-AAE1-51EDA367D4CF}.Release|x64.Build.0 = Release|Any CPU
		{D6FAA67E-AE59-442D-AAE1-51EDA367D4CF}.Release|x86.ActiveCfg = Release|Any CPU
		{D6FAA67E-AE59-442D-AAE1-51EDA367D4CF}.Release|x86.Build.0 = Release|Any CPU
	EndGlobalSection
EndGlobal
