
Microsoft Visual Studio Solution File, Format Version 12.00
# Visual Studio 15
VisualStudioVersion = 15.0.26124.0
MinimumVisualStudioVersion = 15.0.26124.0
Project("{FAE04EC0-301F-11D3-BF4B-00C04F79EFBC}") = "AdventOfCodeCore", "AdventOfCodeCore\AdventOfCodeCore.csproj", "{C8C644E3-37F3-47E6-89CB-CBDEC4C0D846}"
EndProject
Project("{FAE04EC0-301F-11D3-BF4B-00C04F79EFBC}") = "Solutions", "Solutions\Solutions.csproj", "{A0BFA913-9EB4-4DF0-8D67-B4B259EBCE22}"
EndProject
Project("{FAE04EC0-301F-11D3-BF4B-00C04F79EFBC}") = "Solutions.Tests", "Solutions.Tests\Solutions.Tests.csproj", "{3A231420-610F-4AF7-96F2-4CB84EA6DBEF}"
EndProject
Global
	GlobalSection(SolutionConfigurationPlatforms) = preSolution
		Debug|Any CPU = Debug|Any CPU
		Debug|x64 = Debug|x64
		Debug|x86 = Debug|x86
		Release|Any CPU = Release|Any CPU
		Release|x64 = Release|x64
		Release|x86 = Release|x86
	EndGlobalSection
	GlobalSection(SolutionProperties) = preSolution
		HideSolutionNode = FALSE
	EndGlobalSection
	GlobalSection(ProjectConfigurationPlatforms) = postSolution
		{C8C644E3-37F3-47E6-89CB-CBDEC4C0D846}.Debug|Any CPU.ActiveCfg = Debug|Any CPU
		{C8C644E3-37F3-47E6-89CB-CBDEC4C0D846}.Debug|Any CPU.Build.0 = Debug|Any CPU
		{C8C644E3-37F3-47E6-89CB-CBDEC4C0D846}.Debug|x64.ActiveCfg = Debug|Any CPU
		{C8C644E3-37F3-47E6-89CB-CBDEC4C0D846}.Debug|x64.Build.0 = Debug|Any CPU
		{C8C644E3-37F3-47E6-89CB-CBDEC4C0D846}.Debug|x86.ActiveCfg = Debug|Any CPU
		{C8C644E3-37F3-47E6-89CB-CBDEC4C0D846}.Debug|x86.Build.0 = Debug|Any CPU
		{C8C644E3-37F3-47E6-89CB-CBDEC4C0D846}.Release|Any CPU.ActiveCfg = Release|Any CPU
		{C8C644E3-37F3-47E6-89CB-CBDEC4C0D846}.Release|Any CPU.Build.0 = Release|Any CPU
		{C8C644E3-37F3-47E6-89CB-CBDEC4C0D846}.Release|x64.ActiveCfg = Release|Any CPU
		{C8C644E3-37F3-47E6-89CB-CBDEC4C0D846}.Release|x64.Build.0 = Release|Any CPU
		{C8C644E3-37F3-47E6-89CB-CBDEC4C0D846}.Release|x86.ActiveCfg = Release|Any CPU
		{C8C644E3-37F3-47E6-89CB-CBDEC4C0D846}.Release|x86.Build.0 = Release|Any CPU
		{A0BFA913-9EB4-4DF0-8D67-B4B259EBCE22}.Debug|Any CPU.ActiveCfg = Debug|Any CPU
		{A0BFA913-9EB4-4DF0-8D67-B4B259EBCE22}.Debug|Any CPU.Build.0 = Debug|Any CPU
		{A0BFA913-9EB4-4DF0-8D67-B4B259EBCE22}.Debug|x64.ActiveCfg = Debug|Any CPU
		{A0BFA913-9EB4-4DF0-8D67-B4B259EBCE22}.Debug|x64.Build.0 = Debug|Any CPU
		{A0BFA913-9EB4-4DF0-8D67-B4B259EBCE22}.Debug|x86.ActiveCfg = Debug|Any CPU
		{A0BFA913-9EB4-4DF0-8D67-B4B259EBCE22}.Debug|x86.Build.0 = Debug|Any CPU
		{A0BFA913-9EB4-4DF0-8D67-B4B259EBCE22}.Release|Any CPU.ActiveCfg = Release|Any CPU
		{A0BFA913-9EB4-4DF0-8D67-B4B259EBCE22}.Release|Any CPU.Build.0 = Release|Any CPU
		{A0BFA913-9EB4-4DF0-8D67-B4B259EBCE22}.Release|x64.ActiveCfg = Release|Any CPU
		{A0BFA913-9EB4-4DF0-8D67-B4B259EBCE22}.Release|x64.Build.0 = Release|Any CPU
		{A0BFA913-9EB4-4DF0-8D67-B4B259EBCE22}.Release|x86.ActiveCfg = Release|Any CPU
		{A0BFA913-9EB4-4DF0-8D67-B4B259EBCE22}.Release|x86.Build.0 = Release|Any CPU
		{3A231420-610F-4AF7-96F2-4CB84EA6DBEF}.Debug|Any CPU.ActiveCfg = Debug|Any CPU
		{3A231420-610F-4AF7-96F2-4CB84EA6DBEF}.Debug|Any CPU.Build.0 = Debug|Any CPU
		{3A231420-610F-4AF7-96F2-4CB84EA6DBEF}.Debug|x64.ActiveCfg = Debug|Any CPU
		{3A231420-610F-4AF7-96F2-4CB84EA6DBEF}.Debug|x64.Build.0 = Debug|Any CPU
		{3A231420-610F-4AF7-96F2-4CB84EA6DBEF}.Debug|x86.ActiveCfg = Debug|Any CPU
		{3A231420-610F-4AF7-96F2-4CB84EA6DBEF}.Debug|x86.Build.0 = Debug|Any CPU
		{3A231420-610F-4AF7-96F2-4CB84EA6DBEF}.Release|Any CPU.ActiveCfg = Release|Any CPU
		{3A231420-610F-4AF7-96F2-4CB84EA6DBEF}.Release|Any CPU.Build.0 = Release|Any CPU
		{3A231420-610F-4AF7-96F2-4CB84EA6DBEF}.Release|x64.ActiveCfg = Release|Any CPU
		{3A231420-610F-4AF7-96F2-4CB84EA6DBEF}.Release|x64.Build.0 = Release|Any CPU
		{3A231420-610F-4AF7-96F2-4CB84EA6DBEF}.Release|x86.ActiveCfg = Release|Any CPU
		{3A231420-610F-4AF7-96F2-4CB84EA6DBEF}.Release|x86.Build.0 = Release|Any CPU
	EndGlobalSection
EndGlobal
